Microsoft Visual Studio Solution File, Format Version 12.00
# Visual Studio Version 16
VisualStudioVersion = 16.0.29920.165
MinimumVisualStudioVersion = 15.0.26124.0
Project("{D954291E-2A0B-460D-934E-DC6B0785DB48}") = "Xune.Uno.Shared", "Xune.Uno\Xune.Uno.Shared\Xune.Uno.Shared.shproj", "{6279C845-92F8-4333-AB99-3D213163593C}"
EndProject
Project("{FAE04EC0-301F-11D3-BF4B-00C04F79EFBC}") = "Xune.Uno.Uwp", "Xune.Uno\Platforms\Xune.Uno.UWP\Xune.Uno.Uwp.csproj", "{4738EAD6-88E1-4E4D-B10D-8C22EFF64947}"
EndProject
Project("{FAE04EC0-301F-11D3-BF4B-00C04F79EFBC}") = "Xune.Uno.macOS", "Xune.Uno\Platforms\Xune.Uno.macOS\Xune.Uno.macOS.csproj", "{ECDDB312-BBCE-42C6-9FD7-985DC9814541}"
EndProject
Project("{9A19103F-16F7-4668-BE54-9A1E7A4F7556}") = "Xune.Uno.Skia.Gtk", "Xune.Uno\Platforms\Xune.Uno.Skia.Gtk\Xune.Uno.Skia.Gtk.csproj", "{A5B8155A-118F-4794-B551-C6F3CF7E5411}"
EndProject
Project("{9A19103F-16F7-4668-BE54-9A1E7A4F7556}") = "Xune.Uno.Skia.WPF", "Xune.Uno\Platforms\Xune.Uno.Skia.WPF\Xune.Uno.Skia.WPF.csproj", "{79AA8CCD-F181-4C91-AC02-6956DB8F78EB}"
EndProject
Project("{9A19103F-16F7-4668-BE54-9A1E7A4F7556}") = "Xune.Uno.Skia.Wpf.Host", "Xune.Uno\Platforms\Xune.Uno.Skia.WPF.Host\Xune.Uno.Skia.Wpf.Host.csproj", "{6CF284A4-22B1-4F05-97F4-F095C07A598E}"
EndProject
Project("{9A19103F-16F7-4668-BE54-9A1E7A4F7556}") = "Xune.Uno.Skia.Linux.FrameBuffer", "Xune.Uno\Platforms\Xune.Uno.Skia.Linux.FrameBuffer\Xune.Uno.Skia.Linux.FrameBuffer.csproj", "{761D821E-9905-4444-9ADF-76C995FE5427}"
EndProject
Project("{2150E333-8FDC-42A3-9474-1A3956D46DE8}") = "Frontends", "Frontends", "{4CAF0482-C022-4D60-A300-838F5B8D49B2}"
EndProject
Project("{2150E333-8FDC-42A3-9474-1A3956D46DE8}") = "Uno", "Uno", "{10786613-309D-439C-951C-99F3A8009F3F}"
EndProject
Project("{2150E333-8FDC-42A3-9474-1A3956D46DE8}") = "Platforms", "Platforms", "{3F9FAF85-78F0-4FD3-8E4A-D6D5E3098F56}"
EndProject
Project("{9A19103F-16F7-4668-BE54-9A1E7A4F7556}") = "UIX.RenderApi.Skia", "UIX.RenderApi.Skia\UIX.RenderApi.Skia.csproj", "{CB2B7609-C7B8-4E2A-82D8-DD631B70B621}"
EndProject
Project("{9A19103F-16F7-4668-BE54-9A1E7A4F7556}") = "UIX.Skia", "UIX.Skia\UIX.Skia.csproj", "{5681A1BD-B3EC-450B-BF6E-38187204B6BE}"
EndProject
Project("{FAE04EC0-301F-11D3-BF4B-00C04F79EFBC}") = "Xune.Wpf", "Xune.Wpf\Xune.Wpf.csproj", "{2610D7CC-36E2-479F-9FA2-DF9024FC9EAA}"
EndProject
Global
	GlobalSection(SharedMSBuildProjectFiles) = preSolution
		Xune.Uno\Xune.Uno.Shared\Xune.Uno.Shared.projitems*{4738ead6-88e1-4e4d-b10d-8c22eff64947}*SharedItemsImports = 4
		Xune.Uno\Xune.Uno.Shared\Xune.Uno.Shared.projitems*{6279c845-92f8-4333-ab99-3d213163593c}*SharedItemsImports = 13
		Xune.Uno\Xune.Uno.Shared\Xune.Uno.Shared.projitems*{79aa8ccd-f181-4c91-ac02-6956db8f78eb}*SharedItemsImports = 5
	EndGlobalSection
	GlobalSection(SolutionConfigurationPlatforms) = preSolution
		Debug|Any CPU = Debug|Any CPU
		Debug|ARM = Debug|ARM
		Debug|ARM64 = Debug|ARM64
		Debug|iPhone = Debug|iPhone
		Debug|iPhoneSimulator = Debug|iPhoneSimulator
		Debug|x64 = Debug|x64
		Debug|x86 = Debug|x86
		Release|Any CPU = Release|Any CPU
		Release|ARM = Release|ARM
		Release|ARM64 = Release|ARM64
		Release|iPhone = Release|iPhone
		Release|iPhoneSimulator = Release|iPhoneSimulator
		Release|x64 = Release|x64
		Release|x86 = Release|x86
	EndGlobalSection
	GlobalSection(ProjectConfigurationPlatforms) = postSolution
		{4738EAD6-88E1-4E4D-B10D-8C22EFF64947}.Debug|Any CPU.ActiveCfg = Debug|x86
		{4738EAD6-88E1-4E4D-B10D-8C22EFF64947}.Debug|Any CPU.Build.0 = Debug|x86
		{4738EAD6-88E1-4E4D-B10D-8C22EFF64947}.Debug|Any CPU.Deploy.0 = Debug|x86
		{4738EAD6-88E1-4E4D-B10D-8C22EFF64947}.Debug|ARM.ActiveCfg = Debug|ARM
		{4738EAD6-88E1-4E4D-B10D-8C22EFF64947}.Debug|ARM.Build.0 = Debug|ARM
		{4738EAD6-88E1-4E4D-B10D-8C22EFF64947}.Debug|ARM.Deploy.0 = Debug|ARM
		{4738EAD6-88E1-4E4D-B10D-8C22EFF64947}.Debug|ARM64.ActiveCfg = Debug|ARM64
		{4738EAD6-88E1-4E4D-B10D-8C22EFF64947}.Debug|ARM64.Build.0 = Debug|ARM64
		{4738EAD6-88E1-4E4D-B10D-8C22EFF64947}.Debug|ARM64.Deploy.0 = Debug|ARM64
		{4738EAD6-88E1-4E4D-B10D-8C22EFF64947}.Debug|iPhone.ActiveCfg = Debug|x86
		{4738EAD6-88E1-4E4D-B10D-8C22EFF64947}.Debug|iPhone.Build.0 = Debug|x86
		{4738EAD6-88E1-4E4D-B10D-8C22EFF64947}.Debug|iPhone.Deploy.0 = Debug|x86
		{4738EAD6-88E1-4E4D-B10D-8C22EFF64947}.Debug|iPhoneSimulator.ActiveCfg = Debug|x86
		{4738EAD6-88E1-4E4D-B10D-8C22EFF64947}.Debug|iPhoneSimulator.Build.0 = Debug|x86
		{4738EAD6-88E1-4E4D-B10D-8C22EFF64947}.Debug|iPhoneSimulator.Deploy.0 = Debug|x86
		{4738EAD6-88E1-4E4D-B10D-8C22EFF64947}.Debug|x64.ActiveCfg = Debug|x64
		{4738EAD6-88E1-4E4D-B10D-8C22EFF64947}.Debug|x64.Build.0 = Debug|x64
		{4738EAD6-88E1-4E4D-B10D-8C22EFF64947}.Debug|x64.Deploy.0 = Debug|x64
		{4738EAD6-88E1-4E4D-B10D-8C22EFF64947}.Debug|x86.ActiveCfg = Debug|x86
		{4738EAD6-88E1-4E4D-B10D-8C22EFF64947}.Debug|x86.Build.0 = Debug|x86
		{4738EAD6-88E1-4E4D-B10D-8C22EFF64947}.Debug|x86.Deploy.0 = Debug|x86
		{4738EAD6-88E1-4E4D-B10D-8C22EFF64947}.Release|Any CPU.ActiveCfg = Release|x86
		{4738EAD6-88E1-4E4D-B10D-8C22EFF64947}.Release|ARM.ActiveCfg = Release|ARM
		{4738EAD6-88E1-4E4D-B10D-8C22EFF64947}.Release|ARM.Build.0 = Release|ARM
		{4738EAD6-88E1-4E4D-B10D-8C22EFF64947}.Release|ARM.Deploy.0 = Release|ARM
		{4738EAD6-88E1-4E4D-B10D-8C22EFF64947}.Release|ARM64.ActiveCfg = Release|ARM64
		{4738EAD6-88E1-4E4D-B10D-8C22EFF64947}.Release|ARM64.Build.0 = Release|ARM64
		{4738EAD6-88E1-4E4D-B10D-8C22EFF64947}.Release|ARM64.Deploy.0 = Release|ARM64
		{4738EAD6-88E1-4E4D-B10D-8C22EFF64947}.Release|iPhone.ActiveCfg = Release|x86
		{4738EAD6-88E1-4E4D-B10D-8C22EFF64947}.Release|iPhone.Build.0 = Release|x86
		{4738EAD6-88E1-4E4D-B10D-8C22EFF64947}.Release|iPhoneSimulator.ActiveCfg = Release|x86
		{4738EAD6-88E1-4E4D-B10D-8C22EFF64947}.Release|iPhoneSimulator.Build.0 = Release|x86
		{4738EAD6-88E1-4E4D-B10D-8C22EFF64947}.Release|iPhoneSimulator.Deploy.0 = Release|x86
		{4738EAD6-88E1-4E4D-B10D-8C22EFF64947}.Release|x64.ActiveCfg = Release|x64
		{4738EAD6-88E1-4E4D-B10D-8C22EFF64947}.Release|x64.Build.0 = Release|x64
		{4738EAD6-88E1-4E4D-B10D-8C22EFF64947}.Release|x64.Deploy.0 = Release|x64
		{4738EAD6-88E1-4E4D-B10D-8C22EFF64947}.Release|x86.ActiveCfg = Release|x86
		{4738EAD6-88E1-4E4D-B10D-8C22EFF64947}.Release|x86.Build.0 = Release|x86
		{4738EAD6-88E1-4E4D-B10D-8C22EFF64947}.Release|x86.Deploy.0 = Release|x86
		{ECDDB312-BBCE-42C6-9FD7-985DC9814541}.Debug|Any CPU.ActiveCfg = Debug|iPhoneSimulator
		{ECDDB312-BBCE-42C6-9FD7-985DC9814541}.Debug|Any CPU.Build.0 = Debug|iPhoneSimulator
		{ECDDB312-BBCE-42C6-9FD7-985DC9814541}.Debug|ARM.ActiveCfg = Debug|iPhoneSimulator
		{ECDDB312-BBCE-42C6-9FD7-985DC9814541}.Debug|ARM64.ActiveCfg = Debug|iPhoneSimulator
		{ECDDB312-BBCE-42C6-9FD7-985DC9814541}.Debug|iPhone.ActiveCfg = Debug|iPhoneSimulator
		{ECDDB312-BBCE-42C6-9FD7-985DC9814541}.Debug|iPhone.Build.0 = Debug|iPhoneSimulator
		{ECDDB312-BBCE-42C6-9FD7-985DC9814541}.Debug|iPhoneSimulator.ActiveCfg = Debug|iPhoneSimulator
		{ECDDB312-BBCE-42C6-9FD7-985DC9814541}.Debug|iPhoneSimulator.Build.0 = Debug|iPhoneSimulator
		{ECDDB312-BBCE-42C6-9FD7-985DC9814541}.Debug|x64.ActiveCfg = Debug|iPhoneSimulator
		{ECDDB312-BBCE-42C6-9FD7-985DC9814541}.Debug|x64.Build.0 = Debug|iPhoneSimulator
		{ECDDB312-BBCE-42C6-9FD7-985DC9814541}.Debug|x86.ActiveCfg = Debug|iPhoneSimulator
		{ECDDB312-BBCE-42C6-9FD7-985DC9814541}.Debug|x86.Build.0 = Debug|iPhoneSimulator
		{ECDDB312-BBCE-42C6-9FD7-985DC9814541}.Release|Any CPU.ActiveCfg = Release|iPhoneSimulator
		{ECDDB312-BBCE-42C6-9FD7-985DC9814541}.Release|ARM.ActiveCfg = Release|iPhoneSimulator
		{ECDDB312-BBCE-42C6-9FD7-985DC9814541}.Release|ARM64.ActiveCfg = Release|iPhoneSimulator
		{ECDDB312-BBCE-42C6-9FD7-985DC9814541}.Release|iPhone.ActiveCfg = Release|iPhoneSimulator
		{ECDDB312-BBCE-42C6-9FD7-985DC9814541}.Release|iPhone.Build.0 = Release|iPhoneSimulator
		{ECDDB312-BBCE-42C6-9FD7-985DC9814541}.Release|iPhoneSimulator.ActiveCfg = Release|iPhoneSimulator
		{ECDDB312-BBCE-42C6-9FD7-985DC9814541}.Release|iPhoneSimulator.Build.0 = Release|iPhoneSimulator
		{ECDDB312-BBCE-42C6-9FD7-985DC9814541}.Release|x64.ActiveCfg = Release|iPhoneSimulator
		{ECDDB312-BBCE-42C6-9FD7-985DC9814541}.Release|x64.Build.0 = Release|iPhoneSimulator
		{ECDDB312-BBCE-42C6-9FD7-985DC9814541}.Release|x86.ActiveCfg = Release|iPhoneSimulator
		{ECDDB312-BBCE-42C6-9FD7-985DC9814541}.Release|x86.Build.0 = Release|iPhoneSimulator
		{A5B8155A-118F-4794-B551-C6F3CF7E5411}.Debug|Any CPU.ActiveCfg = Debug|Any CPU
		{A5B8155A-118F-4794-B551-C6F3CF7E5411}.Debug|Any CPU.Build.0 = Debug|Any CPU
		{A5B8155A-118F-4794-B551-C6F3CF7E5411}.Debug|ARM.ActiveCfg = Debug|Any CPU
		{A5B8155A-118F-4794-B551-C6F3CF7E5411}.Debug|ARM.Build.0 = Debug|Any CPU
		{A5B8155A-118F-4794-B551-C6F3CF7E5411}.Debug|ARM64.ActiveCfg = Debug|Any CPU
		{A5B8155A-118F-4794-B551-C6F3CF7E5411}.Debug|ARM64.Build.0 = Debug|Any CPU
		{A5B8155A-118F-4794-B551-C6F3CF7E5411}.Debug|iPhone.ActiveCfg = Debug|Any CPU
		{A5B8155A-118F-4794-B551-C6F3CF7E5411}.Debug|iPhone.Build.0 = Debug|Any CPU
		{A5B8155A-118F-4794-B551-C6F3CF7E5411}.Debug|iPhoneSimulator.ActiveCfg = Debug|Any CPU
		{A5B8155A-118F-4794-B551-C6F3CF7E5411}.Debug|iPhoneSimulator.Build.0 = Debug|Any CPU
		{A5B8155A-118F-4794-B551-C6F3CF7E5411}.Debug|x64.ActiveCfg = Debug|Any CPU
		{A5B8155A-118F-4794-B551-C6F3CF7E5411}.Debug|x64.Build.0 = Debug|Any CPU
		{A5B8155A-118F-4794-B551-C6F3CF7E5411}.Debug|x86.ActiveCfg = Debug|Any CPU
		{A5B8155A-118F-4794-B551-C6F3CF7E5411}.Debug|x86.Build.0 = Debug|Any CPU
		{A5B8155A-118F-4794-B551-C6F3CF7E5411}.Release|Any CPU.ActiveCfg = Release|Any CPU
		{A5B8155A-118F-4794-B551-C6F3CF7E5411}.Release|Any CPU.Build.0 = Release|Any CPU
		{A5B8155A-118F-4794-B551-C6F3CF7E5411}.Release|ARM.ActiveCfg = Release|Any CPU
		{A5B8155A-118F-4794-B551-C6F3CF7E5411}.Release|ARM.Build.0 = Release|Any CPU
		{A5B8155A-118F-4794-B551-C6F3CF7E5411}.Release|ARM64.ActiveCfg = Release|Any CPU
		{A5B8155A-118F-4794-B551-C6F3CF7E5411}.Release|ARM64.Build.0 = Release|Any CPU
		{A5B8155A-118F-4794-B551-C6F3CF7E5411}.Release|iPhone.ActiveCfg = Release|Any CPU
		{A5B8155A-118F-4794-B551-C6F3CF7E5411}.Release|iPhone.Build.0 = Release|Any CPU
		{A5B8155A-118F-4794-B551-C6F3CF7E5411}.Release|iPhoneSimulator.ActiveCfg = Release|Any CPU
		{A5B8155A-118F-4794-B551-C6F3CF7E5411}.Release|iPhoneSimulator.Build.0 = Release|Any CPU
		{A5B8155A-118F-4794-B551-C6F3CF7E5411}.Release|x64.ActiveCfg = Release|Any CPU
		{A5B8155A-118F-4794-B551-C6F3CF7E5411}.Release|x64.Build.0 = Release|Any CPU
		{A5B8155A-118F-4794-B551-C6F3CF7E5411}.Release|x86.ActiveCfg = Release|Any CPU
		{A5B8155A-118F-4794-B551-C6F3CF7E5411}.Release|x86.Build.0 = Release|Any CPU
		{79AA8CCD-F181-4C91-AC02-6956DB8F78EB}.Debug|Any CPU.ActiveCfg = Debug|Any CPU
		{79AA8CCD-F181-4C91-AC02-6956DB8F78EB}.Debug|Any CPU.Build.0 = Debug|Any CPU
		{79AA8CCD-F181-4C91-AC02-6956DB8F78EB}.Debug|Any CPU.Deploy.0 = Debug|Any CPU
		{79AA8CCD-F181-4C91-AC02-6956DB8F78EB}.Debug|ARM.ActiveCfg = Debug|Any CPU
		{79AA8CCD-F181-4C91-AC02-6956DB8F78EB}.Debug|ARM.Build.0 = Debug|Any CPU
		{79AA8CCD-F181-4C91-AC02-6956DB8F78EB}.Debug|ARM.Deploy.0 = Debug|Any CPU
		{79AA8CCD-F181-4C91-AC02-6956DB8F78EB}.Debug|ARM64.ActiveCfg = Debug|Any CPU
		{79AA8CCD-F181-4C91-AC02-6956DB8F78EB}.Debug|ARM64.Build.0 = Debug|Any CPU
		{79AA8CCD-F181-4C91-AC02-6956DB8F78EB}.Debug|ARM64.Deploy.0 = Debug|Any CPU
		{79AA8CCD-F181-4C91-AC02-6956DB8F78EB}.Debug|iPhone.ActiveCfg = Debug|Any CPU
		{79AA8CCD-F181-4C91-AC02-6956DB8F78EB}.Debug|iPhone.Build.0 = Debug|Any CPU
		{79AA8CCD-F181-4C91-AC02-6956DB8F78EB}.Debug|iPhone.Deploy.0 = Debug|Any CPU
		{79AA8CCD-F181-4C91-AC02-6956DB8F78EB}.Debug|iPhoneSimulator.ActiveCfg = Debug|Any CPU
		{79AA8CCD-F181-4C91-AC02-6956DB8F78EB}.Debug|iPhoneSimulator.Build.0 = Debug|Any CPU
		{79AA8CCD-F181-4C91-AC02-6956DB8F78EB}.Debug|iPhoneSimulator.Deploy.0 = Debug|Any CPU
		{79AA8CCD-F181-4C91-AC02-6956DB8F78EB}.Debug|x64.ActiveCfg = Debug|Any CPU
		{79AA8CCD-F181-4C91-AC02-6956DB8F78EB}.Debug|x64.Build.0 = Debug|Any CPU
		{79AA8CCD-F181-4C91-AC02-6956DB8F78EB}.Debug|x64.Deploy.0 = Debug|Any CPU
		{79AA8CCD-F181-4C91-AC02-6956DB8F78EB}.Debug|x86.ActiveCfg = Debug|Any CPU
		{79AA8CCD-F181-4C91-AC02-6956DB8F78EB}.Debug|x86.Build.0 = Debug|Any CPU
		{79AA8CCD-F181-4C91-AC02-6956DB8F78EB}.Debug|x86.Deploy.0 = Debug|Any CPU
		{79AA8CCD-F181-4C91-AC02-6956DB8F78EB}.Release|Any CPU.ActiveCfg = Release|Any CPU
		{79AA8CCD-F181-4C91-AC02-6956DB8F78EB}.Release|Any CPU.Build.0 = Release|Any CPU
		{79AA8CCD-F181-4C91-AC02-6956DB8F78EB}.Release|ARM.ActiveCfg = Release|Any CPU
		{79AA8CCD-F181-4C91-AC02-6956DB8F78EB}.Release|ARM.Build.0 = Release|Any CPU
		{79AA8CCD-F181-4C91-AC02-6956DB8F78EB}.Release|ARM.Deploy.0 = Release|Any CPU
		{79AA8CCD-F181-4C91-AC02-6956DB8F78EB}.Release|ARM64.ActiveCfg = Release|Any CPU
		{79AA8CCD-F181-4C91-AC02-6956DB8F78EB}.Release|ARM64.Build.0 = Release|Any CPU
		{79AA8CCD-F181-4C91-AC02-6956DB8F78EB}.Release|ARM64.Deploy.0 = Release|Any CPU
		{79AA8CCD-F181-4C91-AC02-6956DB8F78EB}.Release|iPhone.ActiveCfg = Release|Any CPU
		{79AA8CCD-F181-4C91-AC02-6956DB8F78EB}.Release|iPhone.Build.0 = Release|Any CPU
		{79AA8CCD-F181-4C91-AC02-6956DB8F78EB}.Release|iPhoneSimulator.ActiveCfg = Release|Any CPU
		{79AA8CCD-F181-4C91-AC02-6956DB8F78EB}.Release|iPhoneSimulator.Build.0 = Release|Any CPU
		{79AA8CCD-F181-4C91-AC02-6956DB8F78EB}.Release|iPhoneSimulator.Deploy.0 = Release|Any CPU
		{79AA8CCD-F181-4C91-AC02-6956DB8F78EB}.Release|x64.ActiveCfg = Release|Any CPU
		{79AA8CCD-F181-4C91-AC02-6956DB8F78EB}.Release|x64.Build.0 = Release|Any CPU
		{79AA8CCD-F181-4C91-AC02-6956DB8F78EB}.Release|x64.Deploy.0 = Release|Any CPU
		{79AA8CCD-F181-4C91-AC02-6956DB8F78EB}.Release|x86.ActiveCfg = Release|Any CPU
		{79AA8CCD-F181-4C91-AC02-6956DB8F78EB}.Release|x86.Build.0 = Release|Any CPU
		{79AA8CCD-F181-4C91-AC02-6956DB8F78EB}.Release|x86.Deploy.0 = Release|Any CPU
		{6CF284A4-22B1-4F05-97F4-F095C07A598E}.Debug|Any CPU.ActiveCfg = Debug|Any CPU
		{6CF284A4-22B1-4F05-97F4-F095C07A598E}.Debug|Any CPU.Build.0 = Debug|Any CPU
		{6CF284A4-22B1-4F05-97F4-F095C07A598E}.Debug|ARM.ActiveCfg = Debug|Any CPU
		{6CF284A4-22B1-4F05-97F4-F095C07A598E}.Debug|ARM.Build.0 = Debug|Any CPU
		{6CF284A4-22B1-4F05-97F4-F095C07A598E}.Debug|ARM64.ActiveCfg = Debug|Any CPU
		{6CF284A4-22B1-4F05-97F4-F095C07A598E}.Debug|ARM64.Build.0 = Debug|Any CPU
		{6CF284A4-22B1-4F05-97F4-F095C07A598E}.Debug|iPhone.ActiveCfg = Debug|Any CPU
		{6CF284A4-22B1-4F05-97F4-F095C07A598E}.Debug|iPhone.Build.0 = Debug|Any CPU
		{6CF284A4-22B1-4F05-97F4-F095C07A598E}.Debug|iPhoneSimulator.ActiveCfg = Debug|Any CPU
		{6CF284A4-22B1-4F05-97F4-F095C07A598E}.Debug|iPhoneSimulator.Build.0 = Debug|Any CPU
		{6CF284A4-22B1-4F05-97F4-F095C07A598E}.Debug|x64.ActiveCfg = Debug|Any CPU
		{6CF284A4-22B1-4F05-97F4-F095C07A598E}.Debug|x64.Build.0 = Debug|Any CPU
		{6CF284A4-22B1-4F05-97F4-F095C07A598E}.Debug|x86.ActiveCfg = Debug|Any CPU
		{6CF284A4-22B1-4F05-97F4-F095C07A598E}.Debug|x86.Build.0 = Debug|Any CPU
		{6CF284A4-22B1-4F05-97F4-F095C07A598E}.Release|Any CPU.ActiveCfg = Release|Any CPU
		{6CF284A4-22B1-4F05-97F4-F095C07A598E}.Release|Any CPU.Build.0 = Release|Any CPU
		{6CF284A4-22B1-4F05-97F4-F095C07A598E}.Release|ARM.ActiveCfg = Release|Any CPU
		{6CF284A4-22B1-4F05-97F4-F095C07A598E}.Release|ARM.Build.0 = Release|Any CPU
		{6CF284A4-22B1-4F05-97F4-F095C07A598E}.Release|ARM64.ActiveCfg = Release|Any CPU
		{6CF284A4-22B1-4F05-97F4-F095C07A598E}.Release|ARM64.Build.0 = Release|Any CPU
		{6CF284A4-22B1-4F05-97F4-F095C07A598E}.Release|iPhone.ActiveCfg = Release|Any CPU
		{6CF284A4-22B1-4F05-97F4-F095C07A598E}.Release|iPhone.Build.0 = Release|Any CPU
		{6CF284A4-22B1-4F05-97F4-F095C07A598E}.Release|iPhoneSimulator.ActiveCfg = Release|Any CPU
		{6CF284A4-22B1-4F05-97F4-F095C07A598E}.Release|iPhoneSimulator.Build.0 = Release|Any CPU
		{6CF284A4-22B1-4F05-97F4-F095C07A598E}.Release|x64.ActiveCfg = Release|Any CPU
		{6CF284A4-22B1-4F05-97F4-F095C07A598E}.Release|x64.Build.0 = Release|Any CPU
		{6CF284A4-22B1-4F05-97F4-F095C07A598E}.Release|x86.ActiveCfg = Release|Any CPU
		{6CF284A4-22B1-4F05-97F4-F095C07A598E}.Release|x86.Build.0 = Release|Any CPU
		{761D821E-9905-4444-9ADF-76C995FE5427}.Debug|Any CPU.ActiveCfg = Debug|Any CPU
		{761D821E-9905-4444-9ADF-76C995FE5427}.Debug|Any CPU.Build.0 = Debug|Any CPU
		{761D821E-9905-4444-9ADF-76C995FE5427}.Debug|ARM.ActiveCfg = Debug|Any CPU
		{761D821E-9905-4444-9ADF-76C995FE5427}.Debug|ARM.Build.0 = Debug|Any CPU
		{761D821E-9905-4444-9ADF-76C995FE5427}.Debug|ARM64.ActiveCfg = Debug|Any CPU
		{761D821E-9905-4444-9ADF-76C995FE5427}.Debug|ARM64.Build.0 = Debug|Any CPU
		{761D821E-9905-4444-9ADF-76C995FE5427}.Debug|iPhone.ActiveCfg = Debug|Any CPU
		{761D821E-9905-4444-9ADF-76C995FE5427}.Debug|iPhone.Build.0 = Debug|Any CPU
		{761D821E-9905-4444-9ADF-76C995FE5427}.Debug|iPhoneSimulator.ActiveCfg = Debug|Any CPU
		{761D821E-9905-4444-9ADF-76C995FE5427}.Debug|iPhoneSimulator.Build.0 = Debug|Any CPU
		{761D821E-9905-4444-9ADF-76C995FE5427}.Debug|x64.ActiveCfg = Debug|Any CPU
		{761D821E-9905-4444-9ADF-76C995FE5427}.Debug|x64.Build.0 = Debug|Any CPU
		{761D821E-9905-4444-9ADF-76C995FE5427}.Debug|x86.ActiveCfg = Debug|Any CPU
		{761D821E-9905-4444-9ADF-76C995FE5427}.Debug|x86.Build.0 = Debug|Any CPU
		{761D821E-9905-4444-9ADF-76C995FE5427}.Release|Any CPU.ActiveCfg = Release|Any CPU
		{761D821E-9905-4444-9ADF-76C995FE5427}.Release|Any CPU.Build.0 = Release|Any CPU
		{761D821E-9905-4444-9ADF-76C995FE5427}.Release|ARM.ActiveCfg = Release|Any CPU
		{761D821E-9905-4444-9ADF-76C995FE5427}.Release|ARM.Build.0 = Release|Any CPU
		{761D821E-9905-4444-9ADF-76C995FE5427}.Release|ARM64.ActiveCfg = Release|Any CPU
		{761D821E-9905-4444-9ADF-76C995FE5427}.Release|ARM64.Build.0 = Release|Any CPU
		{761D821E-9905-4444-9ADF-76C995FE5427}.Release|iPhone.ActiveCfg = Release|Any CPU
		{761D821E-9905-4444-9ADF-76C995FE5427}.Release|iPhone.Build.0 = Release|Any CPU
		{761D821E-9905-4444-9ADF-76C995FE5427}.Release|iPhoneSimulator.ActiveCfg = Release|Any CPU
		{761D821E-9905-4444-9ADF-76C995FE5427}.Release|iPhoneSimulator.Build.0 = Release|Any CPU
		{761D821E-9905-4444-9ADF-76C995FE5427}.Release|x64.ActiveCfg = Release|Any CPU
		{761D821E-9905-4444-9ADF-76C995FE5427}.Release|x64.Build.0 = Release|Any CPU
		{761D821E-9905-4444-9ADF-76C995FE5427}.Release|x86.ActiveCfg = Release|Any CPU
		{761D821E-9905-4444-9ADF-76C995FE5427}.Release|x86.Build.0 = Release|Any CPU
		{CB2B7609-C7B8-4E2A-82D8-DD631B70B621}.Debug|Any CPU.ActiveCfg = Debug|Any CPU
		{CB2B7609-C7B8-4E2A-82D8-DD631B70B621}.Debug|Any CPU.Build.0 = Debug|Any CPU
		{CB2B7609-C7B8-4E2A-82D8-DD631B70B621}.Debug|ARM.ActiveCfg = Debug|Any CPU
		{CB2B7609-C7B8-4E2A-82D8-DD631B70B621}.Debug|ARM.Build.0 = Debug|Any CPU
		{CB2B7609-C7B8-4E2A-82D8-DD631B70B621}.Debug|ARM64.ActiveCfg = Debug|Any CPU
		{CB2B7609-C7B8-4E2A-82D8-DD631B70B621}.Debug|ARM64.Build.0 = Debug|Any CPU
		{CB2B7609-C7B8-4E2A-82D8-DD631B70B621}.Debug|iPhone.ActiveCfg = Debug|Any CPU
		{CB2B7609-C7B8-4E2A-82D8-DD631B70B621}.Debug|iPhone.Build.0 = Debug|Any CPU
		{CB2B7609-C7B8-4E2A-82D8-DD631B70B621}.Debug|iPhoneSimulator.ActiveCfg = Debug|Any CPU
		{CB2B7609-C7B8-4E2A-82D8-DD631B70B621}.Debug|iPhoneSimulator.Build.0 = Debug|Any CPU
		{CB2B7609-C7B8-4E2A-82D8-DD631B70B621}.Debug|x64.ActiveCfg = Debug|Any CPU
		{CB2B7609-C7B8-4E2A-82D8-DD631B70B621}.Debug|x64.Build.0 = Debug|Any CPU
		{CB2B7609-C7B8-4E2A-82D8-DD631B70B621}.Debug|x86.ActiveCfg = Debug|Any CPU
		{CB2B7609-C7B8-4E2A-82D8-DD631B70B621}.Debug|x86.Build.0 = Debug|Any CPU
		{CB2B7609-C7B8-4E2A-82D8-DD631B70B621}.Release|Any CPU.ActiveCfg = Release|Any CPU
		{CB2B7609-C7B8-4E2A-82D8-DD631B70B621}.Release|Any CPU.Build.0 = Release|Any CPU
		{CB2B7609-C7B8-4E2A-82D8-DD631B70B621}.Release|ARM.ActiveCfg = Release|Any CPU
		{CB2B7609-C7B8-4E2A-82D8-DD631B70B621}.Release|ARM.Build.0 = Release|Any CPU
		{CB2B7609-C7B8-4E2A-82D8-DD631B70B621}.Release|ARM64.ActiveCfg = Release|Any CPU
		{CB2B7609-C7B8-4E2A-82D8-DD631B70B621}.Release|ARM64.Build.0 = Release|Any CPU
		{CB2B7609-C7B8-4E2A-82D8-DD631B70B621}.Release|iPhone.ActiveCfg = Release|Any CPU
		{CB2B7609-C7B8-4E2A-82D8-DD631B70B621}.Release|iPhone.Build.0 = Release|Any CPU
		{CB2B7609-C7B8-4E2A-82D8-DD631B70B621}.Release|iPhoneSimulator.ActiveCfg = Release|Any CPU
		{CB2B7609-C7B8-4E2A-82D8-DD631B70B621}.Release|iPhoneSimulator.Build.0 = Release|Any CPU
		{CB2B7609-C7B8-4E2A-82D8-DD631B70B621}.Release|x64.ActiveCfg = Release|Any CPU
		{CB2B7609-C7B8-4E2A-82D8-DD631B70B621}.Release|x64.Build.0 = Release|Any CPU
		{CB2B7609-C7B8-4E2A-82D8-DD631B70B621}.Release|x86.ActiveCfg = Release|Any CPU
		{CB2B7609-C7B8-4E2A-82D8-DD631B70B621}.Release|x86.Build.0 = Release|Any CPU
		{5681A1BD-B3EC-450B-BF6E-38187204B6BE}.Debug|Any CPU.ActiveCfg = Debug|Any CPU
		{5681A1BD-B3EC-450B-BF6E-38187204B6BE}.Debug|Any CPU.Build.0 = Debug|Any CPU
		{5681A1BD-B3EC-450B-BF6E-38187204B6BE}.Debug|ARM.ActiveCfg = Debug|Any CPU
		{5681A1BD-B3EC-450B-BF6E-38187204B6BE}.Debug|ARM.Build.0 = Debug|Any CPU
		{5681A1BD-B3EC-450B-BF6E-38187204B6BE}.Debug|ARM64.ActiveCfg = Debug|Any CPU
		{5681A1BD-B3EC-450B-BF6E-38187204B6BE}.Debug|ARM64.Build.0 = Debug|Any CPU
		{5681A1BD-B3EC-450B-BF6E-38187204B6BE}.Debug|iPhone.ActiveCfg = Debug|Any CPU
		{5681A1BD-B3EC-450B-BF6E-38187204B6BE}.Debug|iPhone.Build.0 = Debug|Any CPU
		{5681A1BD-B3EC-450B-BF6E-38187204B6BE}.Debug|iPhoneSimulator.ActiveCfg = Debug|Any CPU
		{5681A1BD-B3EC-450B-BF6E-38187204B6BE}.Debug|iPhoneSimulator.Build.0 = Debug|Any CPU
		{5681A1BD-B3EC-450B-BF6E-38187204B6BE}.Debug|x64.ActiveCfg = Debug|Any CPU
		{5681A1BD-B3EC-450B-BF6E-38187204B6BE}.Debug|x64.Build.0 = Debug|Any CPU
		{5681A1BD-B3EC-450B-BF6E-38187204B6BE}.Debug|x86.ActiveCfg = Debug|Any CPU
		{5681A1BD-B3EC-450B-BF6E-38187204B6BE}.Debug|x86.Build.0 = Debug|Any CPU
		{5681A1BD-B3EC-450B-BF6E-38187204B6BE}.Release|Any CPU.ActiveCfg = Release|Any CPU
		{5681A1BD-B3EC-450B-BF6E-38187204B6BE}.Release|Any CPU.Build.0 = Release|Any CPU
		{5681A1BD-B3EC-450B-BF6E-38187204B6BE}.Release|ARM.ActiveCfg = Release|Any CPU
		{5681A1BD-B3EC-450B-BF6E-38187204B6BE}.Release|ARM.Build.0 = Release|Any CPU
		{5681A1BD-B3EC-450B-BF6E-38187204B6BE}.Release|ARM64.ActiveCfg = Release|Any CPU
		{5681A1BD-B3EC-450B-BF6E-38187204B6BE}.Release|ARM64.Build.0 = Release|Any CPU
		{5681A1BD-B3EC-450B-BF6E-38187204B6BE}.Release|iPhone.ActiveCfg = Release|Any CPU
		{5681A1BD-B3EC-450B-BF6E-38187204B6BE}.Release|iPhone.Build.0 = Release|Any CPU
		{5681A1BD-B3EC-450B-BF6E-38187204B6BE}.Release|iPhoneSimulator.ActiveCfg = Release|Any CPU
		{5681A1BD-B3EC-450B-BF6E-38187204B6BE}.Release|iPhoneSimulator.Build.0 = Release|Any CPU
		{5681A1BD-B3EC-450B-BF6E-38187204B6BE}.Release|x64.ActiveCfg = Release|Any CPU
		{5681A1BD-B3EC-450B-BF6E-38187204B6BE}.Release|x64.Build.0 = Release|Any CPU
		{5681A1BD-B3EC-450B-BF6E-38187204B6BE}.Release|x86.ActiveCfg = Release|Any CPU
		{5681A1BD-B3EC-450B-BF6E-38187204B6BE}.Release|x86.Build.0 = Release|Any CPU
		{2610D7CC-36E2-479F-9FA2-DF9024FC9EAA}.Debug|Any CPU.ActiveCfg = Debug|Any CPU
		{2610D7CC-36E2-479F-9FA2-DF9024FC9EAA}.Debug|Any CPU.Build.0 = Debug|Any CPU
		{2610D7CC-36E2-479F-9FA2-DF9024FC9EAA}.Debug|ARM.ActiveCfg = Debug|Any CPU
		{2610D7CC-36E2-479F-9FA2-DF9024FC9EAA}.Debug|ARM.Build.0 = Debug|Any CPU
		{2610D7CC-36E2-479F-9FA2-DF9024FC9EAA}.Debug|ARM64.ActiveCfg = Debug|Any CPU
		{2610D7CC-36E2-479F-9FA2-DF9024FC9EAA}.Debug|ARM64.Build.0 = Debug|Any CPU
		{2610D7CC-36E2-479F-9FA2-DF9024FC9EAA}.Debug|iPhone.ActiveCfg = Debug|Any CPU
		{2610D7CC-36E2-479F-9FA2-DF9024FC9EAA}.Debug|iPhone.Build.0 = Debug|Any CPU
		{2610D7CC-36E2-479F-9FA2-DF9024FC9EAA}.Debug|iPhoneSimulator.ActiveCfg = Debug|Any CPU
		{2610D7CC-36E2-479F-9FA2-DF9024FC9EAA}.Debug|iPhoneSimulator.Build.0 = Debug|Any CPU
		{2610D7CC-36E2-479F-9FA2-DF9024FC9EAA}.Debug|x64.ActiveCfg = Debug|Any CPU
		{2610D7CC-36E2-479F-9FA2-DF9024FC9EAA}.Debug|x64.Build.0 = Debug|Any CPU
		{2610D7CC-36E2-479F-9FA2-DF9024FC9EAA}.Debug|x86.ActiveCfg = Debug|Any CPU
		{2610D7CC-36E2-479F-9FA2-DF9024FC9EAA}.Debug|x86.Build.0 = Debug|Any CPU
		{2610D7CC-36E2-479F-9FA2-DF9024FC9EAA}.Release|Any CPU.ActiveCfg = Release|Any CPU
		{2610D7CC-36E2-479F-9FA2-DF9024FC9EAA}.Release|Any CPU.Build.0 = Release|Any CPU
		{2610D7CC-36E2-479F-9FA2-DF9024FC9EAA}.Release|ARM.ActiveCfg = Release|Any CPU
		{2610D7CC-36E2-479F-9FA2-DF9024FC9EAA}.Release|ARM.Build.0 = Release|Any CPU
		{2610D7CC-36E2-479F-9FA2-DF9024FC9EAA}.Release|ARM64.ActiveCfg = Release|Any CPU
		{2610D7CC-36E2-479F-9FA2-DF9024FC9EAA}.Release|ARM64.Build.0 = Release|Any CPU
		{2610D7CC-36E2-479F-9FA2-DF9024FC9EAA}.Release|iPhone.ActiveCfg = Release|Any CPU
		{2610D7CC-36E2-479F-9FA2-DF9024FC9EAA}.Release|iPhone.Build.0 = Release|Any CPU
		{2610D7CC-36E2-479F-9FA2-DF9024FC9EAA}.Release|iPhoneSimulator.ActiveCfg = Release|Any CPU
		{2610D7CC-36E2-479F-9FA2-DF9024FC9EAA}.Release|iPhoneSimulator.Build.0 = Release|Any CPU
		{2610D7CC-36E2-479F-9FA2-DF9024FC9EAA}.Release|x64.ActiveCfg = Release|Any CPU
		{2610D7CC-36E2-479F-9FA2-DF9024FC9EAA}.Release|x64.Build.0 = Release|Any CPU
		{2610D7CC-36E2-479F-9FA2-DF9024FC9EAA}.Release|x86.ActiveCfg = Release|Any CPU
		{2610D7CC-36E2-479F-9FA2-DF9024FC9EAA}.Release|x86.Build.0 = Release|Any CPU
	EndGlobalSection
	GlobalSection(SolutionProperties) = preSolution
		HideSolutionNode = FALSE
	EndGlobalSection
	GlobalSection(NestedProjects) = preSolution
		{6279C845-92F8-4333-AB99-3D213163593C} = {10786613-309D-439C-951C-99F3A8009F3F}
		{4738EAD6-88E1-4E4D-B10D-8C22EFF64947} = {3F9FAF85-78F0-4FD3-8E4A-D6D5E3098F56}
		{ECDDB312-BBCE-42C6-9FD7-985DC9814541} = {3F9FAF85-78F0-4FD3-8E4A-D6D5E3098F56}
		{A5B8155A-118F-4794-B551-C6F3CF7E5411} = {3F9FAF85-78F0-4FD3-8E4A-D6D5E3098F56}
		{79AA8CCD-F181-4C91-AC02-6956DB8F78EB} = {3F9FAF85-78F0-4FD3-8E4A-D6D5E3098F56}
		{6CF284A4-22B1-4F05-97F4-F095C07A598E} = {3F9FAF85-78F0-4FD3-8E4A-D6D5E3098F56}
		{761D821E-9905-4444-9ADF-76C995FE5427} = {3F9FAF85-78F0-4FD3-8E4A-D6D5E3098F56}
		{10786613-309D-439C-951C-99F3A8009F3F} = {4CAF0482-C022-4D60-A300-838F5B8D49B2}
		{3F9FAF85-78F0-4FD3-8E4A-D6D5E3098F56} = {10786613-309D-439C-951C-99F3A8009F3F}
		{2610D7CC-36E2-479F-9FA2-DF9024FC9EAA} = {4CAF0482-C022-4D60-A300-838F5B8D49B2}
	EndGlobalSection
	GlobalSection(ExtensibilityGlobals) = postSolution
		SolutionGuid = {C7433AE2-B1A0-4C1A-887E-5CAA7AAF67A6}
	EndGlobalSection
EndGlobal
